// !$*UTF8*$!
{
	archiveVersion = 1;
	classes = {
	};
	objectVersion = 46;
	objects = {

/* Begin PBXBuildFile section */
		A42A87E71D7495FE00736BA6 /* List.m in Sources */ = {isa = PBXBuildFile; fileRef = A42A87E21D7495FE00736BA6 /* List.m */; };
		A42A87E81D7495FE00736BA6 /* Node.m in Sources */ = {isa = PBXBuildFile; fileRef = A42A87E41D7495FE00736BA6 /* Node.m */; };
		A42A87E91D7495FE00736BA6 /* PG1.m in Sources */ = {isa = PBXBuildFile; fileRef = A42A87E61D7495FE00736BA6 /* PG1.m */; };
/* End PBXBuildFile section */

/* Begin PBXCopyFilesBuildPhase section */
		A42A87D51D74956E00736BA6 /* CopyFiles */ = {
			isa = PBXCopyFilesBuildPhase;
			buildActionMask = 2147483647;
			dstPath = /usr/share/man/man1/;
			dstSubfolderSpec = 0;
			files = (
			);
			runOnlyForDeploymentPostprocessing = 1;
		};
/* End PBXCopyFilesBuildPhase section */

/* Begin PBXFileReference section */
		A42A87D71D74956E00736BA6 /* PG1 */ = {isa = PBXFileReference; explicitFileType = "compiled.mach-o.executable"; includeInIndex = 0; path = PG1; sourceTree = BUILT_PRODUCTS_DIR; };
		A42A87E11D7495FE00736BA6 /* List.h */ = {isa = PBXFileReference; fileEncoding = 4; lastKnownFileType = sourcecode.c.h; name = List.h; path = PG1/List.h; sourceTree = "<group>"; };
		A42A87E21D7495FE00736BA6 /* List.m */ = {isa = PBXFileReference; fileEncoding = 4; lastKnownFileType = sourcecode.c.objc; name = List.m; path = PG1/List.m; sourceTree = "<group>"; };
		A42A87E31D7495FE00736BA6 /* Node.h */ = {isa = PBXFileReference; fileEncoding = 4; lastKnownFileType = sourcecode.c.h; name = Node.h; path = PG1/Node.h; sourceTree = "<group>"; };
		A42A87E41D7495FE00736BA6 /* Node.m */ = {isa = PBXFileReference; fileEncoding = 4; lastKnownFileType = sourcecode.c.objc; name = Node.m; path = PG1/Node.m; sourceTree = "<group>"; };
		A42A87E51D7495FE00736BA6 /* PG1.h */ = {isa = PBXFileReference; fileEncoding = 4; lastKnownFileType = sourcecode.c.h; name = PG1.h; path = PG1/PG1.h; sourceTree = "<group>"; };
		A42A87E61D7495FE00736BA6 /* PG1.m */ = {isa = PBXFileReference; fileEncoding = 4; lastKnownFileType = sourcecode.c.objc; name = PG1.m; path = PG1/PG1.m; sourceTree = "<group>"; };
/* End PBXFileReference section */

/* Begin PBXFrameworksBuildPhase section */
		A42A87D41D74956E00736BA6 /* Frameworks */ = {
			isa = PBXFrameworksBuildPhase;
			buildActionMask = 2147483647;
			files = (
			);
			runOnlyForDeploymentPostprocessing = 0;
		};
/* End PBXFrameworksBuildPhase section */

/* Begin PBXGroup section */
		A42A87CE1D74956E00736BA6 = {
			isa = PBXGroup;
			children = (
				A42A87E11D7495FE00736BA6 /* List.h */,
				A42A87E21D7495FE00736BA6 /* List.m */,
				A42A87E31D7495FE00736BA6 /* Node.h */,
				A42A87E41D7495FE00736BA6 /* Node.m */,
				A42A87E51D7495FE00736BA6 /* PG1.h */,
				A42A87E61D7495FE00736BA6 /* PG1.m */,
				A42A87D81D74956E00736BA6 /* Products */,
			);
			sourceTree = "<group>";
		};
		A42A87D81D74956E00736BA6 /* Products */ = {
			isa = PBXGroup;
			children = (
				A42A87D71D74956E00736BA6 /* PG1 */,
			);
			name = Products;
			sourceTree = "<group>";
		};
/* End PBXGroup section */

/* Begin PBXNativeTarget section */
		A42A87D61D74956E00736BA6 /* PG1 */ = {
			isa = PBXNativeTarget;
			buildConfigurationList = A42A87DE1D74956E00736BA6 /* Build configuration list for PBXNativeTarget "PG1" */;
			buildPhases = (
				A42A87D31D74956E00736BA6 /* Sources */,
				A42A87D41D74956E00736BA6 /* Frameworks */,
				A42A87D51D74956E00736BA6 /* CopyFiles */,
			);
			buildRules = (
			);
			dependencies = (
			);
			name = PG1;
			productName = PG1;
			productReference = A42A87D71D74956E00736BA6 /* PG1 */;
			productType = "com.apple.product-type.tool";
		};
/* End PBXNativeTarget section */

/* Begin PBXProject section */
		A42A87CF1D74956E00736BA6 /* Project object */ = {
			isa = PBXProject;
			attributes = {
				LastUpgradeCheck = 0730;
				ORGANIZATIONNAME = CS344;
				TargetAttributes = {
					A42A87D61D74956E00736BA6 = {
						CreatedOnToolsVersion = 7.3.1;
					};
				};
			};
			buildConfigurationList = A42A87D21D74956E00736BA6 /* Build configuration list for PBXProject "PG1" */;
			compatibilityVersion = "Xcode 3.2";
			developmentRegion = English;
			hasScannedForEncodings = 0;
			knownRegions = (
				en,
			);
			mainGroup = A42A87CE1D74956E00736BA6;
			productRefGroup = A42A87D81D74956E00736BA6 /* Products */;
			projectDirPath = "";
			projectRoot = "";
			targets = (
				A42A87D61D74956E00736BA6 /* PG1 */,
			);
		};
/* End PBXProject section */

/* Begin PBXSourcesBuildPhase section */
		A42A87D31D74956E00736BA6 /* Sources */ = {
			isa = PBXSourcesBuildPhase;
			buildActionMask = 2147483647;
			files = (
				A42A87E91D7495FE00736BA6 /* PG1.m in Sources */,
				A42A87E71D7495FE00736BA6 /* List.m in Sources */,
				A42A87E81D7495FE00736BA6 /* Node.m in Sources */,
			);
			runOnlyForDeploymentPostprocessing = 0;
		};
/* End PBXSourcesBuildPhase section */

/* Begin XCBuildConfiguration section */
		A42A87DC1D74956E00736BA6 /* Debug */ = {
			isa = XCBuildConfiguration;
			buildSettings = {
				ALWAYS_SEARCH_USER_PATHS = NO;
				CLANG_ANALYZER_NONNULL = YES;
				CLANG_CXX_LANGUAGE_STANDARD = "gnu++0x";
				CLANG_CXX_LIBRARY = "libc++";
				CLANG_ENABLE_MODULES = YES;
				CLANG_ENABLE_OBJC_ARC = YES;
				CLANG_WARN_BOOL_CONVERSION = YES;
				CLANG_WARN_CONSTANT_CONVERSION = YES;
				CLANG_WARN_DIRECT_OBJC_ISA_USAGE = YES_ERROR;
				CLANG_WARN_EMPTY_BODY = YES;
				CLANG_WARN_ENUM_CONVERSION = YES;
				CLANG_WARN_INT_CONVERSION = YES;
				CLANG_WARN_OBJC_ROOT_CLASS = YES_ERROR;
				CLANG_WARN_UNREACHABLE_CODE = YES;
				CLANG_WARN__DUPLICATE_METHOD_MATCH = YES;
				CODE_SIGN_IDENTITY = "-";
				COPY_PHASE_STRIP = NO;
				DEBUG_INFORMATION_FORMAT = dwarf;
				ENABLE_STRICT_OBJC_MSGSEND = YES;
				ENABLE_TESTABILITY = YES;
				GCC_C_LANGUAGE_STANDARD = gnu99;
				GCC_DYNAMIC_NO_PIC = NO;
				GCC_NO_COMMON_BLOCKS = YES;
				GCC_OPTIMIZATION_LEVEL = 0;
				GCC_PREPROCESSOR_DEFINITIONS = (
					"DEBUG=1",
					"$(inherited)",
				);
				GCC_WARN_64_TO_32_BIT_CONVERSION = YES;
				GCC_WARN_ABOUT_RETURN_TYPE = YES_ERROR;
				GCC_WARN_UNDECLARED_SELECTOR = YES;
				GCC_WARN_UNINITIALIZED_AUTOS = YES_AGGRESSIVE;
				GCC_WARN_UNUSED_FUNCTION = YES;
				GCC_WARN_UNUSED_VARIABLE = YES;
				MACOSX_DEPLOYMENT_TARGET = 10.11;
				MTL_ENABLE_DEBUG_INFO = YES;
				ONLY_ACTIVE_ARCH = YES;
				SDKROOT = macosx;
			};
			name = Debug;
		};
		A42A87DD1D74956E00736BA6 /* Release */ = {
			isa = XCBuildConfiguration;
			buildSettings = {
				ALWAYS_SEARCH_USER_PATHS = NO;
				CLANG_ANALYZER_NONNULL = YES;
				CLANG_CXX_LANGUAGE_STANDARD = "gnu++0x";
				CLANG_CXX_LIBRARY = "libc++";
				CLANG_ENABLE_MODULES = YES;
				CLANG_ENABLE_OBJC_ARC = YES;
				CLANG_WARN_BOOL_CONVERSION = YES;
				CLANG_WARN_CONSTANT_CONVERSION = YES;
				CLANG_WARN_DIRECT_OBJC_ISA_USAGE = YES_ERROR;
				CLANG_WARN_EMPTY_BODY = YES;
				CLANG_WARN_ENUM_CONVERSION = YES;
				CLANG_WARN_INT_CONVERSION = YES;
				CLANG_WARN_OBJC_ROOT_CLASS = YES_ERROR;
				CLANG_WARN_UNREACHABLE_CODE = YES;
				CLANG_WARN__DUPLICATE_METHOD_MATCH = YES;
				CODE_SIGN_IDENTITY = "-";
				COPY_PHASE_STRIP = NO;
				DEBUG_INFORMATION_FORMAT = "dwarf-with-dsym";
				ENABLE_NS_ASSERTIONS = NO;
				ENABLE_STRICT_OBJC_MSGSEND = YES;
				GCC_C_LANGUAGE_STANDARD = gnu99;
				GCC_NO_COMMON_BLOCKS = YES;
				GCC_WARN_64_TO_32_BIT_CONVERSION = YES;
				GCC_WARN_ABOUT_RETURN_TYPE = YES_ERROR;
				GCC_WARN_UNDECLARED_SELECTOR = YES;
				GCC_WARN_UNINITIALIZED_AUTOS = YES_AGGRESSIVE;
				GCC_WARN_UNUSED_FUNCTION = YES;
				GCC_WARN_UNUSED_VARIABLE = YES;
				MACOSX_DEPLOYMENT_TARGET = 10.11;
				MTL_ENABLE_DEBUG_INFO = NO;
				SDKROOT = macosx;
			};
			name = Release;
		};
		A42A87DF1D74956E00736BA6 /* Debug */ = {
			isa = XCBuildConfiguration;
			buildSettings = {
				PRODUCT_NAME = "$(TARGET_NAME)";
			};
			name = Debug;
		};
		A42A87E01D74956E00736BA6 /* Release */ = {
			isa = XCBuildConfiguration;
			buildSettings = {
				PRODUCT_NAME = "$(TARGET_NAME)";
			};
			name = Release;
		};
/* End XCBuildConfiguration section */

/* Begin XCConfigurationList section */
		A42A87D21D74956E00736BA6 /* Build configuration list for PBXProject "PG1" */ = {
			isa = XCConfigurationList;
			buildConfigurations = (
				A42A87DC1D74956E00736BA6 /* Debug */,
				A42A87DD1D74956E00736BA6 /* Release */,
			);
			defaultConfigurationIsVisible = 0;
			defaultConfigurationName = Release;
		};
		A42A87DE1D74956E00736BA6 /* Build configuration list for PBXNativeTarget "PG1" */ = {
			isa = XCConfigurationList;
			buildConfigurations = (
				A42A87DF1D74956E00736BA6 /* Debug */,
				A42A87E01D74956E00736BA6 /* Release */,
			);
			defaultConfigurationIsVisible = 0;
			defaultConfigurationName = Release;
		};
/* End XCConfigurationList section */
	};
	rootObject = A42A87CF1D74956E00736BA6 /* Project object */;
}
